DEPENDENCIES
  baseos
    git: git://github.com/riddopic/baseos.git
    revision: 69015c5caafb66cd19a536e062600bce1b797282
    branch: master
  delphix
    path: .
    metadata: true
  garcon
    git: git://github.com/riddopic/garcon.git
    revision: df8e67b22b2587a771dc2c7af8100f907d498b73
    branch: develop

GRAPH
  apt (2.8.2)
  baseos (0.1.2)
    apt (>= 0.0.0)
    motd-tail (>= 0.0.0)
    yum (>= 0.0.0)
    yum-amazon (>= 0.0.0)
    yum-centos (>= 0.0.0)
    yum-epel (>= 0.0.0)
    yum-fedora (>= 0.0.0)
  build-essential (2.2.3)
  chef_handler (1.2.0)
  delphix (0.2.5)
    apt (>= 0.0.0)
    build-essential (>= 0.0.0)
    garcon (>= 0.0.0)
    yum (>= 0.0.0)
  garcon (1.1.3)
    baseos (>= 0.0.0)
    chef_handler (>= 0.0.0)
    motd-tail (>= 0.0.0)
  motd-tail (2.0.2)
  yum (3.6.3)
  yum-amazon (0.2.0)
    yum (~> 3.0)
  yum-centos (0.4.6)
    yum (~> 3.2)
  yum-epel (0.6.2)
    yum (~> 3.2)
  yum-fedora (0.3.0)
    yum (~> 3.0)
